
Microsoft Visual Studio Solution File, Format Version 12.00
# Visual Studio Version 16
VisualStudioVersion = 16.0.30717.126
MinimumVisualStudioVersion = 10.0.40219.1
Project("{FAE04EC0-301F-11D3-BF4B-00C04F79EFBC}") = "GeneralStoreAPI", "GeneralStoreAPI\GeneralStoreAPI.csproj", "{2C4A0C26-F690-4DA1-AB6E-0B8E62634CD6}"
EndProject
Global
	GlobalSection(SolutionConfigurationPlatforms) = preSolution
		Debug|Any CPU = Debug|Any CPU
		Release|Any CPU = Release|Any CPU
	EndGlobalSection
	GlobalSection(ProjectConfigurationPlatforms) = postSolution
		{2C4A0C26-F690-4DA1-AB6E-0B8E62634CD6}.Debug|Any CPU.ActiveCfg = Debug|Any CPU
		{2C4A0C26-F690-4DA1-AB6E-0B8E62634CD6}.Debug|Any CPU.Build.0 = Debug|Any CPU
		{2C4A0C26-F690-4DA1-AB6E-0B8E62634CD6}.Release|Any CPU.ActiveCfg = Release|Any CPU
		{2C4A0C26-F690-4DA1-AB6E-0B8E62634CD6}.Release|Any CPU.Build.0 = Release|Any CPU
	EndGlobalSection
	GlobalSection(SolutionProperties) = preSolution
		HideSolutionNode = FALSE
	EndGlobalSection
	GlobalSection(ExtensibilityGlobals) = postSolution
		SolutionGuid = {352D6DC4-7625-4A16-8ED5-F8CA301F7032}
	EndGlobalSection
EndGlobal
